// !$*UTF8*$!
{
	archiveVersion = 1;
	classes = {
	};
	objectVersion = 56;
	objects = {

/* Begin PBXBuildFile section */
		A10000000000000000000001 /* StreakUpApp.swift in Sources */ = {isa = PBXBuildFile; fileRef = B10000000000000000000001 /* StreakUpApp.swift */; };
		A10000000000000000000002 /* ContentView.swift in Sources */ = {isa = PBXBuildFile; fileRef = B10000000000000000000002 /* ContentView.swift */; };
		A10000000000000000000003 /* Habit.swift in Sources */ = {isa = PBXBuildFile; fileRef = B10000000000000000000003 /* Habit.swift */; };
		A10000000000000000000004 /* HabitCompletion.swift in Sources */ = {isa = PBXBuildFile; fileRef = B10000000000000000000004 /* HabitCompletion.swift */; };
		A10000000000000000000005 /* TodayView.swift in Sources */ = {isa = PBXBuildFile; fileRef = B10000000000000000000005 /* TodayView.swift */; };
		A10000000000000000000006 /* HabitCard.swift in Sources */ = {isa = PBXBuildFile; fileRef = B10000000000000000000006 /* HabitCard.swift */; };
		A10000000000000000000007 /* AddHabitSheet.swift in Sources */ = {isa = PBXBuildFile; fileRef = B10000000000000000000007 /* AddHabitSheet.swift */; };
		A10000000000000000000008 /* StatsView.swift in Sources */ = {isa = PBXBuildFile; fileRef = B10000000000000000000008 /* StatsView.swift */; };
		A10000000000000000000009 /* ProgressRingView.swift in Sources */ = {isa = PBXBuildFile; fileRef = B10000000000000000000009 /* ProgressRingView.swift */; };
		A10000000000000000000010 /* SpeechRecognizer.swift in Sources */ = {isa = PBXBuildFile; fileRef = B10000000000000000000010 /* SpeechRecognizer.swift */; };
		A10000000000000000000011 /* Assets.xcassets in Resources */ = {isa = PBXBuildFile; fileRef = B10000000000000000000011 /* Assets.xcassets */; };
		A10000000000000000000013 /* LiquidGlass.swift in Sources */ = {isa = PBXBuildFile; fileRef = B10000000000000000000013 /* LiquidGlass.swift */; };
		A10000000000000000000014 /* NotificationManager.swift in Sources */ = {isa = PBXBuildFile; fileRef = B10000000000000000000014 /* NotificationManager.swift */; };
		A10000000000000000000015 /* FloatingTabBar.swift in Sources */ = {isa = PBXBuildFile; fileRef = B10000000000000000000015 /* FloatingTabBar.swift */; };
		A10000000000000000000016 /* ConfettiView.swift in Sources */ = {isa = PBXBuildFile; fileRef = B10000000000000000000016 /* ConfettiView.swift */; };
		A10000000000000000000017 /* CompletionCalendarView.swift in Sources */ = {isa = PBXBuildFile; fileRef = B10000000000000000000017 /* CompletionCalendarView.swift */; };
		A10000000000000000000018 /* TypewriterText.swift in Sources */ = {isa = PBXBuildFile; fileRef = B10000000000000000000018 /* TypewriterText.swift */; };
/* End PBXBuildFile section */

/* Begin PBXFileReference section */
		B10000000000000000000001 /* StreakUpApp.swift */ = {isa = PBXFileReference; lastKnownFileType = sourcecode.swift; path = StreakUpApp.swift; sourceTree = "<group>"; };
		B10000000000000000000002 /* ContentView.swift */ = {isa = PBXFileReference; lastKnownFileType = sourcecode.swift; path = ContentView.swift; sourceTree = "<group>"; };
		B10000000000000000000003 /* Habit.swift */ = {isa = PBXFileReference; lastKnownFileType = sourcecode.swift; path = Habit.swift; sourceTree = "<group>"; };
		B10000000000000000000004 /* HabitCompletion.swift */ = {isa = PBXFileReference; lastKnownFileType = sourcecode.swift; path = HabitCompletion.swift; sourceTree = "<group>"; };
		B10000000000000000000005 /* TodayView.swift */ = {isa = PBXFileReference; lastKnownFileType = sourcecode.swift; path = TodayView.swift; sourceTree = "<group>"; };
		B10000000000000000000006 /* HabitCard.swift */ = {isa = PBXFileReference; lastKnownFileType = sourcecode.swift; path = HabitCard.swift; sourceTree = "<group>"; };
		B10000000000000000000007 /* AddHabitSheet.swift */ = {isa = PBXFileReference; lastKnownFileType = sourcecode.swift; path = AddHabitSheet.swift; sourceTree = "<group>"; };
		B10000000000000000000008 /* StatsView.swift */ = {isa = PBXFileReference; lastKnownFileType = sourcecode.swift; path = StatsView.swift; sourceTree = "<group>"; };
		B10000000000000000000009 /* ProgressRingView.swift */ = {isa = PBXFileReference; lastKnownFileType = sourcecode.swift; path = ProgressRingView.swift; sourceTree = "<group>"; };
		B10000000000000000000010 /* SpeechRecognizer.swift */ = {isa = PBXFileReference; lastKnownFileType = sourcecode.swift; path = SpeechRecognizer.swift; sourceTree = "<group>"; };
		B10000000000000000000011 /* Assets.xcassets */ = {isa = PBXFileReference; lastKnownFileType = folder.assetcatalog; path = Assets.xcassets; sourceTree = "<group>"; };
		B10000000000000000000012 /* Info.plist */ = {isa = PBXFileReference; lastKnownFileType = text.plist.xml; path = Info.plist; sourceTree = "<group>"; };
		B10000000000000000000013 /* LiquidGlass.swift */ = {isa = PBXFileReference; lastKnownFileType = sourcecode.swift; path = LiquidGlass.swift; sourceTree = "<group>"; };
		B10000000000000000000014 /* NotificationManager.swift */ = {isa = PBXFileReference; lastKnownFileType = sourcecode.swift; path = NotificationManager.swift; sourceTree = "<group>"; };
		B10000000000000000000015 /* FloatingTabBar.swift */ = {isa = PBXFileReference; lastKnownFileType = sourcecode.swift; path = FloatingTabBar.swift; sourceTree = "<group>"; };
		B10000000000000000000016 /* ConfettiView.swift */ = {isa = PBXFileReference; lastKnownFileType = sourcecode.swift; path = ConfettiView.swift; sourceTree = "<group>"; };
		B10000000000000000000017 /* CompletionCalendarView.swift */ = {isa = PBXFileReference; lastKnownFileType = sourcecode.swift; path = CompletionCalendarView.swift; sourceTree = "<group>"; };
		B10000000000000000000018 /* TypewriterText.swift */ = {isa = PBXFileReference; lastKnownFileType = sourcecode.swift; path = TypewriterText.swift; sourceTree = "<group>"; };
/* End PBXFileReference section */

/* Begin PBXFrameworksBuildPhase section */
		C10000000000000000000001 /* Frameworks */ = {
			isa = PBXFrameworksBuildPhase;
			buildActionMask = 2147483647;
			files = (
			);
			runOnlyForDeploymentPostprocessing = 0;
		};
/* End PBXFrameworksBuildPhase section */

/* Begin PBXGroup section */
		D10000000000000000000001 = {
			isa = PBXGroup;
			children = (
				E10000000000000000000001 /* StreakUp */,
				E10000000000000000000002 /* Products */,
			);
			sourceTree = "<group>";
		};
		E10000000000000000000001 /* StreakUp */ = {
			isa = PBXGroup;
			children = (
				B10000000000000000000001 /* StreakUpApp.swift */,
				B10000000000000000000002 /* ContentView.swift */,
				B10000000000000000000012 /* Info.plist */,
				F10000000000000000000001 /* Models */,
				F10000000000000000000002 /* Views */,
				F10000000000000000000003 /* ViewModels */,
				F10000000000000000000004 /* DesignSystem */,
				F10000000000000000000005 /* Managers */,
				B10000000000000000000011 /* Assets.xcassets */,
			);
			path = StreakUp;
			sourceTree = "<group>";
		};
		F10000000000000000000001 /* Models */ = {
			isa = PBXGroup;
			children = (
				B10000000000000000000003 /* Habit.swift */,
				B10000000000000000000004 /* HabitCompletion.swift */,
			);
			path = Models;
			sourceTree = "<group>";
		};
		F10000000000000000000002 /* Views */ = {
			isa = PBXGroup;
			children = (
				B10000000000000000000005 /* TodayView.swift */,
				B10000000000000000000006 /* HabitCard.swift */,
				B10000000000000000000007 /* AddHabitSheet.swift */,
				B10000000000000000000008 /* StatsView.swift */,
				B10000000000000000000009 /* ProgressRingView.swift */,
				B10000000000000000000015 /* FloatingTabBar.swift */,
				B10000000000000000000016 /* ConfettiView.swift */,
				B10000000000000000000017 /* CompletionCalendarView.swift */,
				B10000000000000000000018 /* TypewriterText.swift */,
			);
			path = Views;
			sourceTree = "<group>";
		};
		F10000000000000000000003 /* ViewModels */ = {
			isa = PBXGroup;
			children = (
				B10000000000000000000010 /* SpeechRecognizer.swift */,
			);
			path = ViewModels;
			sourceTree = "<group>";
		};
		F10000000000000000000004 /* DesignSystem */ = {
			isa = PBXGroup;
			children = (
				B10000000000000000000013 /* LiquidGlass.swift */,
			);
			path = DesignSystem;
			sourceTree = "<group>";
		};
		F10000000000000000000005 /* Managers */ = {
			isa = PBXGroup;
			children = (
				B10000000000000000000014 /* NotificationManager.swift */,
			);
			path = Managers;
			sourceTree = "<group>";
		};
		E10000000000000000000002 /* Products */ = {
			isa = PBXGroup;
			children = (
				G10000000000000000000001 /* StreakUp.app */,
			);
			name = Products;
			sourceTree = "<group>";
		};
/* End PBXGroup section */

/* Begin PBXNativeTarget section */
		H10000000000000000000001 /* StreakUp */ = {
			isa = PBXNativeTarget;
			buildConfigurationList = I10000000000000000000001 /* Build configuration list for PBXNativeTarget "StreakUp" */;
			buildPhases = (
				J10000000000000000000001 /* Sources */,
				C10000000000000000000001 /* Frameworks */,
				K10000000000000000000001 /* Resources */,
			);
			buildRules = (
			);
			dependencies = (
			);
			name = StreakUp;
			productName = StreakUp;
			productReference = G10000000000000000000001 /* StreakUp.app */;
			productType = "com.apple.product-type.application";
		};
/* End PBXNativeTarget section */

/* Begin PBXProject section */
		L10000000000000000000001 /* Project object */ = {
			isa = PBXProject;
			attributes = {
				BuildIndependentTargetsInParallel = 1;
				LastSwiftUpdateCheck = 1600;
				LastUpgradeCheck = 1600;
				TargetAttributes = {
					H10000000000000000000001 = {
						CreatedOnToolsVersion = 16.0;
					};
				};
			};
			buildConfigurationList = M10000000000000000000001 /* Build configuration list for PBXProject "StreakUp" */;
			compatibilityVersion = "Xcode 14.0";
			developmentRegion = en;
			hasScannedForEncodings = 0;
			knownRegions = (
				en,
				Base,
			);
			mainGroup = D10000000000000000000001;
			productRefGroup = E10000000000000000000002 /* Products */;
			projectDirPath = "";
			projectRoot = "";
			targets = (
				H10000000000000000000001 /* StreakUp */,
			);
		};
/* End PBXProject section */

/* Begin PBXResourcesBuildPhase section */
		K10000000000000000000001 /* Resources */ = {
			isa = PBXResourcesBuildPhase;
			buildActionMask = 2147483647;
			files = (
				A10000000000000000000011 /* Assets.xcassets in Resources */,
			);
			runOnlyForDeploymentPostprocessing = 0;
		};
/* End PBXResourcesBuildPhase section */

/* Begin PBXSourcesBuildPhase section */
		J10000000000000000000001 /* Sources */ = {
			isa = PBXSourcesBuildPhase;
			buildActionMask = 2147483647;
			files = (
				A10000000000000000000001 /* StreakUpApp.swift in Sources */,
				A10000000000000000000002 /* ContentView.swift in Sources */,
				A10000000000000000000003 /* Habit.swift in Sources */,
				A10000000000000000000004 /* HabitCompletion.swift in Sources */,
				A10000000000000000000005 /* TodayView.swift in Sources */,
				A10000000000000000000006 /* HabitCard.swift in Sources */,
				A10000000000000000000007 /* AddHabitSheet.swift in Sources */,
				A10000000000000000000008 /* StatsView.swift in Sources */,
				A10000000000000000000009 /* ProgressRingView.swift in Sources */,
				A10000000000000000000010 /* SpeechRecognizer.swift in Sources */,
				A10000000000000000000013 /* LiquidGlass.swift in Sources */,
				A10000000000000000000014 /* NotificationManager.swift in Sources */,
				A10000000000000000000015 /* FloatingTabBar.swift in Sources */,
				A10000000000000000000016 /* ConfettiView.swift in Sources */,
				A10000000000000000000017 /* CompletionCalendarView.swift in Sources */,
				A10000000000000000000018 /* TypewriterText.swift in Sources */,
			);
			runOnlyForDeploymentPostprocessing = 0;
		};
/* End PBXSourcesBuildPhase section */

/* Begin XCBuildConfiguration section */
		N10000000000000000000001 /* Debug */ = {
			isa = XCBuildConfiguration;
			buildSettings = {
				ALWAYS_SEARCH_USER_PATHS = NO;
				ASSETCATALOG_COMPILER_APPICON_NAME = AppIcon;
				ASSETCATALOG_COMPILER_GLOBAL_ACCENT_NAME = AccentColor;
				CLANG_ANALYZER_NONNULL = YES;
				CLANG_ANALYZER_NUMBER_OBJECT_CONVERSION = YES_AGGRESSIVE;
				CLANG_CXX_LANGUAGE_STANDARD = "gnu++20";
				CLANG_ENABLE_MODULES = YES;
				CLANG_ENABLE_OBJC_ARC = YES;
				CLANG_ENABLE_OBJC_WEAK = YES;
				CLANG_WARN_BLOCK_CAPTURE_AUTORELEASING = YES;
				CLANG_WARN_BOOL_CONVERSION = YES;
				CLANG_WARN_COMMA = YES;
				CLANG_WARN_CONSTANT_CONVERSION = YES;
				CLANG_WARN_DEPRECATED_OBJC_IMPLEMENTATIONS = YES;
				CLANG_WARN_DIRECT_OBJC_ISA_USAGE = YES_ERROR;
				CLANG_WARN_DOCUMENTATION_COMMENTS = YES;
				CLANG_WARN_EMPTY_BODY = YES;
				CLANG_WARN_ENUM_CONVERSION = YES;
				CLANG_WARN_INFINITE_RECURSION = YES;
				CLANG_WARN_INT_CONVERSION = YES;
				CLANG_WARN_NON_LITERAL_NULL_CONVERSION = YES;
				CLANG_WARN_OBJC_IMPLICIT_RETAIN_SELF = YES;
				CLANG_WARN_OBJC_LITERAL_CONVERSION = YES;
				CLANG_WARN_OBJC_ROOT_CLASS = YES_ERROR;
				CLANG_WARN_QUOTED_INCLUDE_IN_FRAMEWORK_HEADER = YES;
				CLANG_WARN_RANGE_LOOP_ANALYSIS = YES;
				CLANG_WARN_STRICT_PROTOTYPES = YES;
				CLANG_WARN_SUSPICIOUS_MOVE = YES;
				CLANG_WARN_UNGUARDED_AVAILABILITY = YES_AGGRESSIVE;
				CLANG_WARN_UNREACHABLE_CODE = YES;
				CLANG_WARN__DUPLICATE_METHOD_MATCH = YES;
				COPY_PHASE_STRIP = NO;
				DEBUG_INFORMATION_FORMAT = dwarf;
				ENABLE_STRICT_OBJC_MSGSEND = YES;
				ENABLE_TESTABILITY = YES;
				ENABLE_USER_SCRIPT_SANDBOXING = YES;
				GCC_C_LANGUAGE_STANDARD = gnu17;
				GCC_DYNAMIC_NO_PIC = NO;
				GCC_NO_COMMON_BLOCKS = YES;
				GCC_OPTIMIZATION_LEVEL = 0;
				GCC_PREPROCESSOR_DEFINITIONS = (
					"DEBUG=1",
					"$(inherited)",
				);
				GCC_WARN_64_TO_32_BIT_CONVERSION = YES;
				GCC_WARN_ABOUT_RETURN_TYPE = YES_ERROR;
				GCC_WARN_UNDECLARED_SELECTOR = YES;
				GCC_WARN_UNINITIALIZED_AUTOS = YES_AGGRESSIVE;
				GCC_WARN_UNUSED_FUNCTION = YES;
				GCC_WARN_UNUSED_VARIABLE = YES;
				INFOPLIST_FILE = StreakUp/Info.plist;
				INFOPLIST_KEY_UIApplicationSupportsIndirectInputEvents = YES;
				INFOPLIST_KEY_UILaunchScreen_Generation = YES;
				INFOPLIST_KEY_UISupportedInterfaceOrientations = "UIInterfaceOrientationPortrait UIInterfaceOrientationLandscapeLeft UIInterfaceOrientationLandscapeRight";
				INFOPLIST_KEY_UISupportedInterfaceOrientations_iPad = "UIInterfaceOrientationPortrait UIInterfaceOrientationPortraitUpsideDown UIInterfaceOrientationLandscapeLeft UIInterfaceOrientationLandscapeRight";
				IPHONEOS_DEPLOYMENT_TARGET = 17.0;
				LD_RUNPATH_SEARCH_PATHS = (
					"$(inherited)",
					"@executable_path/Frameworks",
				);
				LOCALIZATION_PREFERS_STRING_CATALOGS = YES;
				MTL_ENABLE_DEBUG_INFO = INCLUDE_SOURCE;
				MTL_FAST_MATH = YES;
				ONLY_ACTIVE_ARCH = YES;
				SDKROOT = iphoneos;
				SWIFT_ACTIVE_COMPILATION_CONDITIONS = "$(inherited) DEBUG";
				SWIFT_OPTIMIZATION_LEVEL = "-Onone";
				SWIFT_STRICT_CONCURRENCY = complete;
				SWIFT_VERSION = 5.0;
			};
			name = Debug;
		};
		N10000000000000000000002 /* Release */ = {
			isa = XCBuildConfiguration;
			buildSettings = {
				ALWAYS_SEARCH_USER_PATHS = NO;
				ASSETCATALOG_COMPILER_APPICON_NAME = AppIcon;
				ASSETCATALOG_COMPILER_GLOBAL_ACCENT_NAME = AccentColor;
				CLANG_ANALYZER_NONNULL = YES;
				CLANG_ANALYZER_NUMBER_OBJECT_CONVERSION = YES_AGGRESSIVE;
				CLANG_CXX_LANGUAGE_STANDARD = "gnu++20";
				CLANG_ENABLE_MODULES = YES;
				CLANG_ENABLE_OBJC_ARC = YES;
				CLANG_ENABLE_OBJC_WEAK = YES;
				CLANG_WARN_BLOCK_CAPTURE_AUTORELEASING = YES;
				CLANG_WARN_BOOL_CONVERSION = YES;
				CLANG_WARN_COMMA = YES;
				CLANG_WARN_CONSTANT_CONVERSION = YES;
				CLANG_WARN_DEPRECATED_OBJC_IMPLEMENTATIONS = YES;
				CLANG_WARN_DIRECT_OBJC_ISA_USAGE = YES_ERROR;
				CLANG_WARN_DOCUMENTATION_COMMENTS = YES;
				CLANG_WARN_EMPTY_BODY = YES;
				CLANG_WARN_ENUM_CONVERSION = YES;
				CLANG_WARN_INFINITE_RECURSION = YES;
				CLANG_WARN_INT_CONVERSION = YES;
				CLANG_WARN_NON_LITERAL_NULL_CONVERSION = YES;
				CLANG_WARN_OBJC_IMPLICIT_RETAIN_SELF = YES;
				CLANG_WARN_OBJC_LITERAL_CONVERSION = YES;
				CLANG_WARN_OBJC_ROOT_CLASS = YES_ERROR;
				CLANG_WARN_QUOTED_INCLUDE_IN_FRAMEWORK_HEADER = YES;
				CLANG_WARN_RANGE_LOOP_ANALYSIS = YES;
				CLANG_WARN_STRICT_PROTOTYPES = YES;
				CLANG_WARN_SUSPICIOUS_MOVE = YES;
				CLANG_WARN_UNGUARDED_AVAILABILITY = YES_AGGRESSIVE;
				CLANG_WARN_UNREACHABLE_CODE = YES;
				CLANG_WARN__DUPLICATE_METHOD_MATCH = YES;
				COPY_PHASE_STRIP = NO;
				DEBUG_INFORMATION_FORMAT = "dwarf-with-dsym";
				ENABLE_NS_ASSERTIONS = NO;
				ENABLE_STRICT_OBJC_MSGSEND = YES;
				ENABLE_USER_SCRIPT_SANDBOXING = YES;
				GCC_C_LANGUAGE_STANDARD = gnu17;
				GCC_NO_COMMON_BLOCKS = YES;
				GCC_WARN_64_TO_32_BIT_CONVERSION = YES;
				GCC_WARN_ABOUT_RETURN_TYPE = YES_ERROR;
				GCC_WARN_UNDECLARED_SELECTOR = YES;
				GCC_WARN_UNINITIALIZED_AUTOS = YES_AGGRESSIVE;
				GCC_WARN_UNUSED_FUNCTION = YES;
				GCC_WARN_UNUSED_VARIABLE = YES;
				INFOPLIST_FILE = StreakUp/Info.plist;
				INFOPLIST_KEY_UIApplicationSupportsIndirectInputEvents = YES;
				INFOPLIST_KEY_UILaunchScreen_Generation = YES;
				INFOPLIST_KEY_UISupportedInterfaceOrientations = "UIInterfaceOrientationPortrait UIInterfaceOrientationLandscapeLeft UIInterfaceOrientationLandscapeRight";
				INFOPLIST_KEY_UISupportedInterfaceOrientations_iPad = "UIInterfaceOrientationPortrait UIInterfaceOrientationPortraitUpsideDown UIInterfaceOrientationLandscapeLeft UIInterfaceOrientationLandscapeRight";
				IPHONEOS_DEPLOYMENT_TARGET = 17.0;
				LD_RUNPATH_SEARCH_PATHS = (
					"$(inherited)",
					"@executable_path/Frameworks",
				);
				LOCALIZATION_PREFERS_STRING_CATALOGS = YES;
				MTL_ENABLE_DEBUG_INFO = NO;
				MTL_FAST_MATH = YES;
				SDKROOT = iphoneos;
				SWIFT_COMPILATION_MODE = wholemodule;
				SWIFT_OPTIMIZATION_LEVEL = "-O";
				SWIFT_STRICT_CONCURRENCY = complete;
				SWIFT_VERSION = 5.0;
				VALIDATE_PRODUCT = YES;
			};
			name = Release;
		};
		O10000000000000000000001 /* Debug */ = {
			isa = XCBuildConfiguration;
			buildSettings = {
				ASSETCATALOG_COMPILER_GLOBAL_ACCENT_NAME = AccentColor;
				ASSETCATALOG_COMPILER_APPICON_NAME = AppIcon;
				CODE_SIGN_STYLE = Automatic;
				CURRENT_PROJECT_VERSION = 1;
				GENERATE_INFOPLIST_FILE = NO;
				INFOPLIST_FILE = StreakUp/Info.plist;
				INFOPLIST_KEY_CFBundleDisplayName = StreakUp;
				LD_RUNPATH_SEARCH_PATHS = (
					"$(inherited)",
					"@executable_path/Frameworks",
				);
				MARKETING_VERSION = 1.0;
				PRODUCT_BUNDLE_IDENTIFIER = com.streakup.app;
				PRODUCT_NAME = "$(TARGET_NAME)";
				SUPPORTED_PLATFORMS = "iphoneos iphonesimulator";
				SUPPORTS_MACCATALYST = NO;
				SWIFT_EMIT_LOC_STRINGS = YES;
				SWIFT_VERSION = 5.0;
				TARGETED_DEVICE_FAMILY = "1,2";
			};
			name = Debug;
		};
		O10000000000000000000002 /* Release */ = {
			isa = XCBuildConfiguration;
			buildSettings = {
				ASSETCATALOG_COMPILER_APPICON_NAME = AppIcon;
				CODE_SIGN_STYLE = Automatic;
				CURRENT_PROJECT_VERSION = 1;
				GENERATE_INFOPLIST_FILE = NO;
				INFOPLIST_FILE = StreakUp/Info.plist;
				INFOPLIST_KEY_CFBundleDisplayName = StreakUp;
				LD_RUNPATH_SEARCH_PATHS = (
					"$(inherited)",
					"@executable_path/Frameworks",
				);
				MARKETING_VERSION = 1.0;
				PRODUCT_BUNDLE_IDENTIFIER = com.streakup.app;
				PRODUCT_NAME = "$(TARGET_NAME)";
				SUPPORTED_PLATFORMS = "iphoneos iphonesimulator";
				SUPPORTS_MACCATALYST = NO;
				SWIFT_EMIT_LOC_STRINGS = YES;
				SWIFT_VERSION = 5.0;
				TARGETED_DEVICE_FAMILY = "1,2";
			};
			name = Release;
		};
/* End XCBuildConfiguration section */

/* Begin XCConfigurationList section */
		M10000000000000000000001 /* Build configuration list for PBXProject "StreakUp" */ = {
			isa = XCConfigurationList;
			buildConfigurations = (
				N10000000000000000000001 /* Debug */,
				N10000000000000000000002 /* Release */,
			);
			defaultConfigurationIsVisible = 0;
			defaultConfigurationName = Release;
		};
		I10000000000000000000001 /* Build configuration list for PBXNativeTarget "StreakUp" */ = {
			isa = XCConfigurationList;
			buildConfigurations = (
				O10000000000000000000001 /* Debug */,
				O10000000000000000000002 /* Release */,
			);
			defaultConfigurationIsVisible = 0;
			defaultConfigurationName = Release;
		};
/* End XCConfigurationList section */
	};
	rootObject = L10000000000000000000001 /* Project object */;
}
